Microsoft Visual Studio Solution File, Format Version 11.00
# Visual Studio 2008

Project("{DD21F29B-7A9B-3E34-CD0B-C941B1C50CEF}") = "Flaminis", "Assembly-CSharp.csproj", "{B784D7B5-B2EB-F73D-8FF0-13340F4B99CB}"
EndProject
Global
	GlobalSection(SolutionConfigurationPlatforms) = preSolution
		Debug|Any CPU = Debug|Any CPU
		Release|Any CPU = Release|Any CPU
	EndGlobalSection
	GlobalSection(ProjectConfigurationPlatforms) = postSolution
		{B784D7B5-B2EB-F73D-8FF0-13340F4B99CB}.Debug|Any CPU.ActiveCfg = Debug|Any CPU
		{B784D7B5-B2EB-F73D-8FF0-13340F4B99CB}.Debug|Any CPU.Build.0 = Debug|Any CPU
		{B784D7B5-B2EB-F73D-8FF0-13340F4B99CB}.Release|Any CPU.ActiveCfg = Release|Any CPU
		{B784D7B5-B2EB-F73D-8FF0-13340F4B99CB}.Release|Any CPU.Build.0 = Release|Any CPU
	EndGlobalSection
	GlobalSection(SolutionProperties) = preSolution
		HideSolutionNode = FALSE
	EndGlobalSection
	GlobalSection(MonoDevelopProperties) = preSolution
		StartupItem = Assembly-CSharp.csproj
	EndGlobalSection
EndGlobal
