
Microsoft Visual Studio Solution File, Format Version 12.00
# Visual Studio 2015
Project("{FAE04EC0-301F-11D3-BF4B-00C04F79EFBC}") = "Flaminis.CSharp.Plugins", "Flaminis.CSharp.Plugins.csproj", "{E4C4E3E0-1538-53AF-1B77-B6AAECA23363}"
EndProject
Project("{FAE04EC0-301F-11D3-BF4B-00C04F79EFBC}") = "Flaminis.CSharp", "Flaminis.CSharp.csproj", "{580FDB49-894C-20AB-12A5-0CDA4EE5F9DD}"
EndProject
Project("{FAE04EC0-301F-11D3-BF4B-00C04F79EFBC}") = "Flaminis.CSharp.Editor", "Flaminis.CSharp.Editor.csproj", "{A4E5A969-245A-4556-AE0E-BC2DEC4ADD1B}"
EndProject
Global
	GlobalSection(SolutionConfigurationPlatforms) = preSolution
		Debug|Any CPU = Debug|Any CPU
		Release|Any CPU = Release|Any CPU
	EndGlobalSection
	GlobalSection(ProjectConfigurationPlatforms) = postSolution
		{E4C4E3E0-1538-53AF-1B77-B6AAECA23363}.Debug|Any CPU.ActiveCfg = Debug|Any CPU
		{E4C4E3E0-1538-53AF-1B77-B6AAECA23363}.Debug|Any CPU.Build.0 = Debug|Any CPU
		{E4C4E3E0-1538-53AF-1B77-B6AAECA23363}.Release|Any CPU.ActiveCfg = Release|Any CPU
		{E4C4E3E0-1538-53AF-1B77-B6AAECA23363}.Release|Any CPU.Build.0 = Release|Any CPU
		{580FDB49-894C-20AB-12A5-0CDA4EE5F9DD}.Debug|Any CPU.ActiveCfg = Debug|Any CPU
		{580FDB49-894C-20AB-12A5-0CDA4EE5F9DD}.Debug|Any CPU.Build.0 = Debug|Any CPU
		{580FDB49-894C-20AB-12A5-0CDA4EE5F9DD}.Release|Any CPU.ActiveCfg = Release|Any CPU
		{580FDB49-894C-20AB-12A5-0CDA4EE5F9DD}.Release|Any CPU.Build.0 = Release|Any CPU
		{A4E5A969-245A-4556-AE0E-BC2DEC4ADD1B}.Debug|Any CPU.ActiveCfg = Debug|Any CPU
		{A4E5A969-245A-4556-AE0E-BC2DEC4ADD1B}.Debug|Any CPU.Build.0 = Debug|Any CPU
		{A4E5A969-245A-4556-AE0E-BC2DEC4ADD1B}.Release|Any CPU.ActiveCfg = Release|Any CPU
		{A4E5A969-245A-4556-AE0E-BC2DEC4ADD1B}.Release|Any CPU.Build.0 = Release|Any CPU
	EndGlobalSection
	GlobalSection(SolutionProperties) = preSolution
		HideSolutionNode = FALSE
	EndGlobalSection
EndGlobal
